
Microsoft Visual Studio Solution File, Format Version 12.00
# Visual Studio 14
VisualStudioVersion = 14.0.25420.1
MinimumVisualStudioVersion = 10.0.40219.1
Project("{FAE04EC0-301F-11D3-BF4B-00C04F79EFBC}") = "CommonCounter", "CommonCounter\CommonCounter.csproj", "{2CE010C4-1709-43E6-9174-556A8D08A8DB}"
EndProject
Global
	GlobalSection(SolutionConfigurationPlatforms) = preSolution
		Debug|Any CPU = Debug|Any CPU
		Release|Any CPU = Release|Any CPU
	EndGlobalSection
	GlobalSection(ProjectConfigurationPlatforms) = postSolution
		{2CE010C4-1709-43E6-9174-556A8D08A8DB}.Debug|Any CPU.ActiveCfg = Debug|Any CPU
		{2CE010C4-1709-43E6-9174-556A8D08A8DB}.Debug|Any CPU.Build.0 = Debug|Any CPU
		{2CE010C4-1709-43E6-9174-556A8D08A8DB}.Release|Any CPU.ActiveCfg = Release|Any CPU
		{2CE010C4-1709-43E6-9174-556A8D08A8DB}.Release|Any CPU.Build.0 = Release|Any CPU
	EndGlobalSection
	GlobalSection(SolutionProperties) = preSolution
		HideSolutionNode = FALSE
	EndGlobalSection
EndGlobal
